
Microsoft Visual Studio Solution File, Format Version 12.00
# Visual Studio Version 17
VisualStudioVersion = 17.7.34018.315
MinimumVisualStudioVersion = 10.0.40219.1
Project("{FAE04EC0-301F-11D3-BF4B-00C04F79EFBC}") = "PDC60_Module06.Android", "PDC60_Module06.Android\PDC60_Module06.Android.csproj", "{23344C55-3395-48EE-8F8E-BF6D248EEDBB}"
EndProject
Project("{FAE04EC0-301F-11D3-BF4B-00C04F79EFBC}") = "PDC60_Module06", "PDC60_Module06\PDC60_Module06.csproj", "{9C4631CF-2FDE-437C-AB3D-D4AD1479D58A}"
EndProject
Global
	GlobalSection(SolutionConfigurationPlatforms) = preSolution
		Debug|Any CPU = Debug|Any CPU
		Release|Any CPU = Release|Any CPU
	EndGlobalSection
	GlobalSection(ProjectConfigurationPlatforms) = postSolution
		{23344C55-3395-48EE-8F8E-BF6D248EEDBB}.Debug|Any CPU.ActiveCfg = Debug|Any CPU
		{23344C55-3395-48EE-8F8E-BF6D248EEDBB}.Debug|Any CPU.Build.0 = Debug|Any CPU
		{23344C55-3395-48EE-8F8E-BF6D248EEDBB}.Debug|Any CPU.Deploy.0 = Debug|Any CPU
		{23344C55-3395-48EE-8F8E-BF6D248EEDBB}.Release|Any CPU.ActiveCfg = Release|Any CPU
		{23344C55-3395-48EE-8F8E-BF6D248EEDBB}.Release|Any CPU.Build.0 = Release|Any CPU
		{23344C55-3395-48EE-8F8E-BF6D248EEDBB}.Release|Any CPU.Deploy.0 = Release|Any CPU
		{9C4631CF-2FDE-437C-AB3D-D4AD1479D58A}.Debug|Any CPU.ActiveCfg = Debug|Any CPU
		{9C4631CF-2FDE-437C-AB3D-D4AD1479D58A}.Debug|Any CPU.Build.0 = Debug|Any CPU
		{9C4631CF-2FDE-437C-AB3D-D4AD1479D58A}.Debug|Any CPU.Deploy.0 = Debug|Any CPU
		{9C4631CF-2FDE-437C-AB3D-D4AD1479D58A}.Release|Any CPU.ActiveCfg = Release|Any CPU
		{9C4631CF-2FDE-437C-AB3D-D4AD1479D58A}.Release|Any CPU.Build.0 = Release|Any CPU
		{9C4631CF-2FDE-437C-AB3D-D4AD1479D58A}.Release|Any CPU.Deploy.0 = Release|Any CPU
	EndGlobalSection
	GlobalSection(SolutionProperties) = preSolution
		HideSolutionNode = FALSE
	EndGlobalSection
	GlobalSection(ExtensibilityGlobals) = postSolution
		SolutionGuid = {F0A4FDBD-5EDE-4825-8EED-F43B1B0E9521}
	EndGlobalSection
EndGlobal
